<Solution>
  <Folder Name="/src/">
    <Project Path="src/AdminDashboard/AdminDashboard.csproj" />
    <Project Path="src/NewsApi/NewsApi.csproj" />
    <Project Path="src/NigerianNewsGrid.Client/NigerianNewsGrid.Client.csproj" />
    <Project Path="src/NewsCategorizer.Trainer/NewsCategorizer.Trainer.csproj" />
    <Project Path="src/NewsScraperService/NewsScraperService.csproj" />
    <Project Path="src/TtsWorker/TtsWorker.csproj" />
  </Folder>
  <Folder Name="/tests/">
    <Project Path="tests/NewsApiClient.Tests/NewsApiClient.Tests.csproj" />
    <Project Path="tests/NewsApi.StressTests/NewsApi.StressTests.csproj" />
  </Folder>
  <Project Path="NigerianNewGrid/NigerianNewGrid.csproj" />
</Solution>
